{
  "name": "hachimi-restaurant",
  "version": "0.1.0",
  "lockfileVersion": 3,
  "requires": true,
  "packages": {
    "": {
      "name": "hachimi-restaurant",
      "version": "0.1.0",
      "devDependencies": {
        "@cocos/creator-types": "^3.8.7",
        "typescript": "^6.0.3"
      },
      "engines": {
        "node": ">=20"
      }
    },
    "node_modules/@cocos/creator-types": {
      "version": "3.8.7",
      "resolved": "http://mirrors.tencentyun.com/npm/@cocos/creator-types/-/creator-types-3.8.7.tgz",
      "integrity": "sha512-QTtuC+w1s1yQ8DPlgFSiIGS+Pko6v2QdrrQRN8/SttEBo53JjyXEWHXpRkg1lGiHq0u/aadm0cN/Y4jtEmis/w==",
      "dev": true
    },
    "node_modules/typescript": {
      "version": "6.0.3",
      "resolved": "http://mirrors.tencentyun.com/npm/typescript/-/typescript-6.0.3.tgz",
      "integrity": "sha512-y2TvuxSZPDyQakkFRPZHKFm+KKVqIisdg9/CZwm9ftvKXLP8NRWj38/ODjNbr43SsoXqNuAisEf1GdCxqWcdBw==",
      "dev": true,
      "license": "Apache-2.0",
      "bin": {
        "tsc": "bin/tsc",
        "tsserver": "bin/tsserver"
      },
      "engines": {
        "node": ">=14.17"
      }
    }
  }
}
